
Microsoft Visual Studio Solution File, Format Version 12.00
# Visual Studio Version 16
VisualStudioVersion = 16.0.30907.101
MinimumVisualStudioVersion = 10.0.40219.1
Project("{FAE04EC0-301F-11D3-BF4B-00C04F79EFBC}") = "Uri_Triangulo_exer_1043", "Uri_Triangulo_exer_1043\Uri_Triangulo_exer_1043.csproj", "{6B1E8946-9B60-47E1-8D9C-870154ECB3CB}"
EndProject
Global
	GlobalSection(SolutionConfigurationPlatforms) = preSolution
		Debug|Any CPU = Debug|Any CPU
		Release|Any CPU = Release|Any CPU
	EndGlobalSection
	GlobalSection(ProjectConfigurationPlatforms) = postSolution
		{6B1E8946-9B60-47E1-8D9C-870154ECB3CB}.Debug|Any CPU.ActiveCfg = Debug|Any CPU
		{6B1E8946-9B60-47E1-8D9C-870154ECB3CB}.Debug|Any CPU.Build.0 = Debug|Any CPU
		{6B1E8946-9B60-47E1-8D9C-870154ECB3CB}.Release|Any CPU.ActiveCfg = Release|Any CPU
		{6B1E8946-9B60-47E1-8D9C-870154ECB3CB}.Release|Any CPU.Build.0 = Release|Any CPU
	EndGlobalSection
	GlobalSection(SolutionProperties) = preSolution
		HideSolutionNode = FALSE
	EndGlobalSection
	GlobalSection(ExtensibilityGlobals) = postSolution
		SolutionGuid = {FFD840B6-8F72-4E1C-A5AA-84D1DE99EAD6}
	EndGlobalSection
EndGlobal
